
Microsoft Visual Studio Solution File, Format Version 12.00
# Visual Studio Version 17
VisualStudioVersion = 17.3.32929.385
MinimumVisualStudioVersion = 10.0.40219.1
Project("{8BC9CEB8-8B4A-11D0-8D11-00A0C91BC942}") = "현금 인출 프로그램", "현금 인출 프로그램\현금 인출 프로그램.vcxproj", "{A1A8C8B5-A23D-40A4-9CA0-B85153B9C475}"
EndProject
Global
	GlobalSection(SolutionConfigurationPlatforms) = preSolution
		Debug|x64 = Debug|x64
		Debug|x86 = Debug|x86
		Release|x64 = Release|x64
		Release|x86 = Release|x86
	EndGlobalSection
	GlobalSection(ProjectConfigurationPlatforms) = postSolution
		{A1A8C8B5-A23D-40A4-9CA0-B85153B9C475}.Debug|x64.ActiveCfg = Debug|x64
		{A1A8C8B5-A23D-40A4-9CA0-B85153B9C475}.Debug|x64.Build.0 = Debug|x64
		{A1A8C8B5-A23D-40A4-9CA0-B85153B9C475}.Debug|x86.ActiveCfg = Debug|Win32
		{A1A8C8B5-A23D-40A4-9CA0-B85153B9C475}.Debug|x86.Build.0 = Debug|Win32
		{A1A8C8B5-A23D-40A4-9CA0-B85153B9C475}.Release|x64.ActiveCfg = Release|x64
		{A1A8C8B5-A23D-40A4-9CA0-B85153B9C475}.Release|x64.Build.0 = Release|x64
		{A1A8C8B5-A23D-40A4-9CA0-B85153B9C475}.Release|x86.ActiveCfg = Release|Win32
		{A1A8C8B5-A23D-40A4-9CA0-B85153B9C475}.Release|x86.Build.0 = Release|Win32
	EndGlobalSection
	GlobalSection(SolutionProperties) = preSolution
		HideSolutionNode = FALSE
	EndGlobalSection
	GlobalSection(ExtensibilityGlobals) = postSolution
		SolutionGuid = {270C21F6-1917-4C3D-8F72-4811C356DF52}
	EndGlobalSection
EndGlobal
